
Microsoft Visual Studio Solution File, Format Version 12.00
# Visual Studio Version 16
VisualStudioVersion = 16.0.29006.145
MinimumVisualStudioVersion = 15.0.26124.0
Project("{2150E333-8FDC-42A3-9474-1A3956D46DE8}") = "src", "src", "{8FFDF555-DB50-45F9-9A2D-6410F39151C3}"
	ProjectSection(SolutionItems) = preProject
		src\Directory.Build.props = src\Directory.Build.props
		src\Directory.Build.targets = src\Directory.Build.targets
	EndProjectSection
EndProject
Project("{2150E333-8FDC-42A3-9474-1A3956D46DE8}") = "test", "test", "{DF33E0FB-9790-4654-B60F-8AB22E0CC3D1}"
	ProjectSection(SolutionItems) = preProject
		test\Directory.Build.props = test\Directory.Build.props
		test\Directory.Build.targets = test\Directory.Build.targets
	EndProjectSection
EndProject
Project("{9A19103F-16F7-4668-BE54-9A1E7A4F7556}") = ".build", ".build\.build.csproj", "{55EFAE2F-A7CA-4917-A381-4A6EF5E79610}"
EndProject
Project("{2150E333-8FDC-42A3-9474-1A3956D46DE8}") = ".build", ".build", "{E3DCB78E-EE06-4EA3-88AC-762D8910387C}"
EndProject
Project("{FAE04EC0-301F-11D3-BF4B-00C04F79EFBC}") = "Rocket.Surgery.Meta.Core.Tests", "test\Meta.Core.Tests\Rocket.Surgery.Meta.Core.Tests.csproj", "{66F293DB-9507-40E0-B1FA-5CDAA0088364}"
EndProject
Project("{FAE04EC0-301F-11D3-BF4B-00C04F79EFBC}") = "Rocket.Surgery.Meta.Packages", "src\Meta.Packages\Rocket.Surgery.Meta.Packages.csproj", "{6127F6B9-A914-45EA-A581-9723411DC4AB}"
EndProject
Project("{FAE04EC0-301F-11D3-BF4B-00C04F79EFBC}") = "Rocket.Surgery.Meta.Api", "src\Meta.Api\Rocket.Surgery.Meta.Api.csproj", "{B7DDCCFC-C7AA-4B3D-A7DC-69114277659F}"
EndProject
Project("{FAE04EC0-301F-11D3-BF4B-00C04F79EFBC}") = "Rocket.Surgery.Meta.Api.Operations", "src\Meta.Api.Operations\Rocket.Surgery.Meta.Api.Operations.csproj", "{BFE59DE0-EBCD-4E8C-86AE-4CA2A18E83A2}"
EndProject
Project("{FAE04EC0-301F-11D3-BF4B-00C04F79EFBC}") = "Rocket.Surgery.Meta.AspNetCore", "src\Meta.AspNetCore\Rocket.Surgery.Meta.AspNetCore.csproj", "{EFC8BA86-374D-42CF-98D3-DF6ED3C37276}"
EndProject
Project("{FAE04EC0-301F-11D3-BF4B-00C04F79EFBC}") = "Rocket.Surgery.Meta.Commands", "src\Meta.Commands\Rocket.Surgery.Meta.Commands.csproj", "{240E31D3-89C7-46F0-A1E1-D8329FCBA536}"
EndProject
Project("{FAE04EC0-301F-11D3-BF4B-00C04F79EFBC}") = "Rocket.Surgery.Meta.Core", "src\Meta.Core\Rocket.Surgery.Meta.Core.csproj", "{3A7DF2ED-90BA-4A2F-97EA-034FB04E934D}"
EndProject
Project("{FAE04EC0-301F-11D3-BF4B-00C04F79EFBC}") = "Rocket.Surgery.Meta.Functions", "src\Meta.Functions\Rocket.Surgery.Meta.Functions.csproj", "{F26910AD-8F98-40F3-8F81-5A71774A5564}"
EndProject
Project("{FAE04EC0-301F-11D3-BF4B-00C04F79EFBC}") = "Rocket.Surgery.Meta.Hosting", "src\Meta.Hosting\Rocket.Surgery.Meta.Hosting.csproj", "{9FA3462F-5602-4990-9F33-EE1B31FA3BA7}"
EndProject
Project("{FAE04EC0-301F-11D3-BF4B-00C04F79EFBC}") = "Rocket.Surgery.Meta.Operations", "src\Meta.Operations\Rocket.Surgery.Meta.Operations.csproj", "{6839C8DD-3520-44CE-A544-7F5C70500829}"
EndProject
Project("{FAE04EC0-301F-11D3-BF4B-00C04F79EFBC}") = "Rocket.Surgery.Meta.System", "src\Meta.System\Rocket.Surgery.Meta.System.csproj", "{047A5B83-554E-40E3-B27D-574265DF0F72}"
EndProject
Project("{2150E333-8FDC-42A3-9474-1A3956D46DE8}") = "sample", "sample", "{4DF435AF-6747-4F69-BD2F-C243AC395FE4}"
EndProject
Project("{FAE04EC0-301F-11D3-BF4B-00C04F79EFBC}") = "Sample.Api", "sample\Sample.Api\Sample.Api.csproj", "{CCA46A83-B02B-4F77-8200-07448C83DA51}"
EndProject
Project("{FAE04EC0-301F-11D3-BF4B-00C04F79EFBC}") = "Sample.Console", "sample\Sample.Console\Sample.Console.csproj", "{51848A89-E119-4E4A-97FB-9447E8AE5F6D}"
EndProject
Project("{FAE04EC0-301F-11D3-BF4B-00C04F79EFBC}") = "Sample.Functions", "sample\Sample.Functions\Sample.Functions.csproj", "{A8A1E51F-D30D-49F6-B8F4-9F5228537045}"
EndProject
Project("{FAE04EC0-301F-11D3-BF4B-00C04F79EFBC}") = "Sample.Library", "sample\Sample.Library\Sample.Library.csproj", "{5C2D9033-F11F-4DDE-BBCF-FB3F32D43323}"
EndProject
Project("{FAE04EC0-301F-11D3-BF4B-00C04F79EFBC}") = "Sample.Pages", "sample\Sample.Pages\Sample.Pages.csproj", "{B0D857A2-8EA7-4385-B355-A7E41D4DCE71}"
EndProject
Project("{FAE04EC0-301F-11D3-BF4B-00C04F79EFBC}") = "Rocket.Surgery.Meta.Api.NewtonsoftJson", "src\Meta.Api.NewtonsoftJson\Rocket.Surgery.Meta.Api.NewtonsoftJson.csproj", "{44BF755D-A0B1-4E9A-9973-872EE672445B}"
EndProject
Project("{FAE04EC0-301F-11D3-BF4B-00C04F79EFBC}") = "Rocket.Surgery.Meta.AspNetCore.NewtonsoftJson", "src\Meta.AspNetCore.NewtonsoftJson\Rocket.Surgery.Meta.AspNetCore.NewtonsoftJson.csproj", "{DC294C8C-E842-4027-B8EE-E85735D86ECD}"
EndProject
Global
	GlobalSection(SolutionConfigurationPlatforms) = preSolution
		Debug|Any CPU = Debug|Any CPU
		Debug|x64 = Debug|x64
		Debug|x86 = Debug|x86
		Release|Any CPU = Release|Any CPU
		Release|x64 = Release|x64
		Release|x86 = Release|x86
	EndGlobalSection
	GlobalSection(ProjectConfigurationPlatforms) = postSolution
		{55EFAE2F-A7CA-4917-A381-4A6EF5E79610}.Debug|Any CPU.ActiveCfg = Debug|Any CPU
		{55EFAE2F-A7CA-4917-A381-4A6EF5E79610}.Debug|x64.ActiveCfg = Debug|Any CPU
		{55EFAE2F-A7CA-4917-A381-4A6EF5E79610}.Debug|x64.Build.0 = Debug|Any CPU
		{55EFAE2F-A7CA-4917-A381-4A6EF5E79610}.Debug|x86.ActiveCfg = Debug|Any CPU
		{55EFAE2F-A7CA-4917-A381-4A6EF5E79610}.Debug|x86.Build.0 = Debug|Any CPU
		{55EFAE2F-A7CA-4917-A381-4A6EF5E79610}.Release|Any CPU.ActiveCfg = Release|Any CPU
		{55EFAE2F-A7CA-4917-A381-4A6EF5E79610}.Release|x64.ActiveCfg = Release|Any CPU
		{55EFAE2F-A7CA-4917-A381-4A6EF5E79610}.Release|x64.Build.0 = Release|Any CPU
		{55EFAE2F-A7CA-4917-A381-4A6EF5E79610}.Release|x86.ActiveCfg = Release|Any CPU
		{55EFAE2F-A7CA-4917-A381-4A6EF5E79610}.Release|x86.Build.0 = Release|Any CPU
		{66F293DB-9507-40E0-B1FA-5CDAA0088364}.Debug|Any CPU.ActiveCfg = Debug|Any CPU
		{66F293DB-9507-40E0-B1FA-5CDAA0088364}.Debug|Any CPU.Build.0 = Debug|Any CPU
		{66F293DB-9507-40E0-B1FA-5CDAA0088364}.Debug|x64.ActiveCfg = Debug|Any CPU
		{66F293DB-9507-40E0-B1FA-5CDAA0088364}.Debug|x64.Build.0 = Debug|Any CPU
		{66F293DB-9507-40E0-B1FA-5CDAA0088364}.Debug|x86.ActiveCfg = Debug|Any CPU
		{66F293DB-9507-40E0-B1FA-5CDAA0088364}.Debug|x86.Build.0 = Debug|Any CPU
		{66F293DB-9507-40E0-B1FA-5CDAA0088364}.Release|Any CPU.ActiveCfg = Release|Any CPU
		{66F293DB-9507-40E0-B1FA-5CDAA0088364}.Release|Any CPU.Build.0 = Release|Any CPU
		{66F293DB-9507-40E0-B1FA-5CDAA0088364}.Release|x64.ActiveCfg = Release|Any CPU
		{66F293DB-9507-40E0-B1FA-5CDAA0088364}.Release|x64.Build.0 = Release|Any CPU
		{66F293DB-9507-40E0-B1FA-5CDAA0088364}.Release|x86.ActiveCfg = Release|Any CPU
		{66F293DB-9507-40E0-B1FA-5CDAA0088364}.Release|x86.Build.0 = Release|Any CPU
		{6127F6B9-A914-45EA-A581-9723411DC4AB}.Debug|Any CPU.ActiveCfg = Debug|Any CPU
		{6127F6B9-A914-45EA-A581-9723411DC4AB}.Debug|Any CPU.Build.0 = Debug|Any CPU
		{6127F6B9-A914-45EA-A581-9723411DC4AB}.Debug|x64.ActiveCfg = Debug|Any CPU
		{6127F6B9-A914-45EA-A581-9723411DC4AB}.Debug|x64.Build.0 = Debug|Any CPU
		{6127F6B9-A914-45EA-A581-9723411DC4AB}.Debug|x86.ActiveCfg = Debug|Any CPU
		{6127F6B9-A914-45EA-A581-9723411DC4AB}.Debug|x86.Build.0 = Debug|Any CPU
		{6127F6B9-A914-45EA-A581-9723411DC4AB}.Release|Any CPU.ActiveCfg = Release|Any CPU
		{6127F6B9-A914-45EA-A581-9723411DC4AB}.Release|Any CPU.Build.0 = Release|Any CPU
		{6127F6B9-A914-45EA-A581-9723411DC4AB}.Release|x64.ActiveCfg = Release|Any CPU
		{6127F6B9-A914-45EA-A581-9723411DC4AB}.Release|x64.Build.0 = Release|Any CPU
		{6127F6B9-A914-45EA-A581-9723411DC4AB}.Release|x86.ActiveCfg = Release|Any CPU
		{6127F6B9-A914-45EA-A581-9723411DC4AB}.Release|x86.Build.0 = Release|Any CPU
		{B7DDCCFC-C7AA-4B3D-A7DC-69114277659F}.Debug|Any CPU.ActiveCfg = Debug|Any CPU
		{B7DDCCFC-C7AA-4B3D-A7DC-69114277659F}.Debug|Any CPU.Build.0 = Debug|Any CPU
		{B7DDCCFC-C7AA-4B3D-A7DC-69114277659F}.Debug|x64.ActiveCfg = Debug|Any CPU
		{B7DDCCFC-C7AA-4B3D-A7DC-69114277659F}.Debug|x64.Build.0 = Debug|Any CPU
		{B7DDCCFC-C7AA-4B3D-A7DC-69114277659F}.Debug|x86.ActiveCfg = Debug|Any CPU
		{B7DDCCFC-C7AA-4B3D-A7DC-69114277659F}.Debug|x86.Build.0 = Debug|Any CPU
		{B7DDCCFC-C7AA-4B3D-A7DC-69114277659F}.Release|Any CPU.ActiveCfg = Release|Any CPU
		{B7DDCCFC-C7AA-4B3D-A7DC-69114277659F}.Release|Any CPU.Build.0 = Release|Any CPU
		{B7DDCCFC-C7AA-4B3D-A7DC-69114277659F}.Release|x64.ActiveCfg = Release|Any CPU
		{B7DDCCFC-C7AA-4B3D-A7DC-69114277659F}.Release|x64.Build.0 = Release|Any CPU
		{B7DDCCFC-C7AA-4B3D-A7DC-69114277659F}.Release|x86.ActiveCfg = Release|Any CPU
		{B7DDCCFC-C7AA-4B3D-A7DC-69114277659F}.Release|x86.Build.0 = Release|Any CPU
		{BFE59DE0-EBCD-4E8C-86AE-4CA2A18E83A2}.Debug|Any CPU.ActiveCfg = Debug|Any CPU
		{BFE59DE0-EBCD-4E8C-86AE-4CA2A18E83A2}.Debug|Any CPU.Build.0 = Debug|Any CPU
		{BFE59DE0-EBCD-4E8C-86AE-4CA2A18E83A2}.Debug|x64.ActiveCfg = Debug|Any CPU
		{BFE59DE0-EBCD-4E8C-86AE-4CA2A18E83A2}.Debug|x64.Build.0 = Debug|Any CPU
		{BFE59DE0-EBCD-4E8C-86AE-4CA2A18E83A2}.Debug|x86.ActiveCfg = Debug|Any CPU
		{BFE59DE0-EBCD-4E8C-86AE-4CA2A18E83A2}.Debug|x86.Build.0 = Debug|Any CPU
		{BFE59DE0-EBCD-4E8C-86AE-4CA2A18E83A2}.Release|Any CPU.ActiveCfg = Release|Any CPU
		{BFE59DE0-EBCD-4E8C-86AE-4CA2A18E83A2}.Release|Any CPU.Build.0 = Release|Any CPU
		{BFE59DE0-EBCD-4E8C-86AE-4CA2A18E83A2}.Release|x64.ActiveCfg = Release|Any CPU
		{BFE59DE0-EBCD-4E8C-86AE-4CA2A18E83A2}.Release|x64.Build.0 = Release|Any CPU
		{BFE59DE0-EBCD-4E8C-86AE-4CA2A18E83A2}.Release|x86.ActiveCfg = Release|Any CPU
		{BFE59DE0-EBCD-4E8C-86AE-4CA2A18E83A2}.Release|x86.Build.0 = Release|Any CPU
		{EFC8BA86-374D-42CF-98D3-DF6ED3C37276}.Debug|Any CPU.ActiveCfg = Debug|Any CPU
		{EFC8BA86-374D-42CF-98D3-DF6ED3C37276}.Debug|Any CPU.Build.0 = Debug|Any CPU
		{EFC8BA86-374D-42CF-98D3-DF6ED3C37276}.Debug|x64.ActiveCfg = Debug|Any CPU
		{EFC8BA86-374D-42CF-98D3-DF6ED3C37276}.Debug|x64.Build.0 = Debug|Any CPU
		{EFC8BA86-374D-42CF-98D3-DF6ED3C37276}.Debug|x86.ActiveCfg = Debug|Any CPU
		{EFC8BA86-374D-42CF-98D3-DF6ED3C37276}.Debug|x86.Build.0 = Debug|Any CPU
		{EFC8BA86-374D-42CF-98D3-DF6ED3C37276}.Release|Any CPU.ActiveCfg = Release|Any CPU
		{EFC8BA86-374D-42CF-98D3-DF6ED3C37276}.Release|Any CPU.Build.0 = Release|Any CPU
		{EFC8BA86-374D-42CF-98D3-DF6ED3C37276}.Release|x64.ActiveCfg = Release|Any CPU
		{EFC8BA86-374D-42CF-98D3-DF6ED3C37276}.Release|x64.Build.0 = Release|Any CPU
		{EFC8BA86-374D-42CF-98D3-DF6ED3C37276}.Release|x86.ActiveCfg = Release|Any CPU
		{EFC8BA86-374D-42CF-98D3-DF6ED3C37276}.Release|x86.Build.0 = Release|Any CPU
		{240E31D3-89C7-46F0-A1E1-D8329FCBA536}.Debug|Any CPU.ActiveCfg = Debug|Any CPU
		{240E31D3-89C7-46F0-A1E1-D8329FCBA536}.Debug|Any CPU.Build.0 = Debug|Any CPU
		{240E31D3-89C7-46F0-A1E1-D8329FCBA536}.Debug|x64.ActiveCfg = Debug|Any CPU
		{240E31D3-89C7-46F0-A1E1-D8329FCBA536}.Debug|x64.Build.0 = Debug|Any CPU
		{240E31D3-89C7-46F0-A1E1-D8329FCBA536}.Debug|x86.ActiveCfg = Debug|Any CPU
		{240E31D3-89C7-46F0-A1E1-D8329FCBA536}.Debug|x86.Build.0 = Debug|Any CPU
		{240E31D3-89C7-46F0-A1E1-D8329FCBA536}.Release|Any CPU.ActiveCfg = Release|Any CPU
		{240E31D3-89C7-46F0-A1E1-D8329FCBA536}.Release|Any CPU.Build.0 = Release|Any CPU
		{240E31D3-89C7-46F0-A1E1-D8329FCBA536}.Release|x64.ActiveCfg = Release|Any CPU
		{240E31D3-89C7-46F0-A1E1-D8329FCBA536}.Release|x64.Build.0 = Release|Any CPU
		{240E31D3-89C7-46F0-A1E1-D8329FCBA536}.Release|x86.ActiveCfg = Release|Any CPU
		{240E31D3-89C7-46F0-A1E1-D8329FCBA536}.Release|x86.Build.0 = Release|Any CPU
		{3A7DF2ED-90BA-4A2F-97EA-034FB04E934D}.Debug|Any CPU.ActiveCfg = Debug|Any CPU
		{3A7DF2ED-90BA-4A2F-97EA-034FB04E934D}.Debug|Any CPU.Build.0 = Debug|Any CPU
		{3A7DF2ED-90BA-4A2F-97EA-034FB04E934D}.Debug|x64.ActiveCfg = Debug|Any CPU
		{3A7DF2ED-90BA-4A2F-97EA-034FB04E934D}.Debug|x64.Build.0 = Debug|Any CPU
		{3A7DF2ED-90BA-4A2F-97EA-034FB04E934D}.Debug|x86.ActiveCfg = Debug|Any CPU
		{3A7DF2ED-90BA-4A2F-97EA-034FB04E934D}.Debug|x86.Build.0 = Debug|Any CPU
		{3A7DF2ED-90BA-4A2F-97EA-034FB04E934D}.Release|Any CPU.ActiveCfg = Release|Any CPU
		{3A7DF2ED-90BA-4A2F-97EA-034FB04E934D}.Release|Any CPU.Build.0 = Release|Any CPU
		{3A7DF2ED-90BA-4A2F-97EA-034FB04E934D}.Release|x64.ActiveCfg = Release|Any CPU
		{3A7DF2ED-90BA-4A2F-97EA-034FB04E934D}.Release|x64.Build.0 = Release|Any CPU
		{3A7DF2ED-90BA-4A2F-97EA-034FB04E934D}.Release|x86.ActiveCfg = Release|Any CPU
		{3A7DF2ED-90BA-4A2F-97EA-034FB04E934D}.Release|x86.Build.0 = Release|Any CPU
		{F26910AD-8F98-40F3-8F81-5A71774A5564}.Debug|Any CPU.ActiveCfg = Debug|Any CPU
		{F26910AD-8F98-40F3-8F81-5A71774A5564}.Debug|Any CPU.Build.0 = Debug|Any CPU
		{F26910AD-8F98-40F3-8F81-5A71774A5564}.Debug|x64.ActiveCfg = Debug|Any CPU
		{F26910AD-8F98-40F3-8F81-5A71774A5564}.Debug|x64.Build.0 = Debug|Any CPU
		{F26910AD-8F98-40F3-8F81-5A71774A5564}.Debug|x86.ActiveCfg = Debug|Any CPU
		{F26910AD-8F98-40F3-8F81-5A71774A5564}.Debug|x86.Build.0 = Debug|Any CPU
		{F26910AD-8F98-40F3-8F81-5A71774A5564}.Release|Any CPU.ActiveCfg = Release|Any CPU
		{F26910AD-8F98-40F3-8F81-5A71774A5564}.Release|Any CPU.Build.0 = Release|Any CPU
		{F26910AD-8F98-40F3-8F81-5A71774A5564}.Release|x64.ActiveCfg = Release|Any CPU
		{F26910AD-8F98-40F3-8F81-5A71774A5564}.Release|x64.Build.0 = Release|Any CPU
		{F26910AD-8F98-40F3-8F81-5A71774A5564}.Release|x86.ActiveCfg = Release|Any CPU
		{F26910AD-8F98-40F3-8F81-5A71774A5564}.Release|x86.Build.0 = Release|Any CPU
		{9FA3462F-5602-4990-9F33-EE1B31FA3BA7}.Debug|Any CPU.ActiveCfg = Debug|Any CPU
		{9FA3462F-5602-4990-9F33-EE1B31FA3BA7}.Debug|Any CPU.Build.0 = Debug|Any CPU
		{9FA3462F-5602-4990-9F33-EE1B31FA3BA7}.Debug|x64.ActiveCfg = Debug|Any CPU
		{9FA3462F-5602-4990-9F33-EE1B31FA3BA7}.Debug|x64.Build.0 = Debug|Any CPU
		{9FA3462F-5602-4990-9F33-EE1B31FA3BA7}.Debug|x86.ActiveCfg = Debug|Any CPU
		{9FA3462F-5602-4990-9F33-EE1B31FA3BA7}.Debug|x86.Build.0 = Debug|Any CPU
		{9FA3462F-5602-4990-9F33-EE1B31FA3BA7}.Release|Any CPU.ActiveCfg = Release|Any CPU
		{9FA3462F-5602-4990-9F33-EE1B31FA3BA7}.Release|Any CPU.Build.0 = Release|Any CPU
		{9FA3462F-5602-4990-9F33-EE1B31FA3BA7}.Release|x64.ActiveCfg = Release|Any CPU
		{9FA3462F-5602-4990-9F33-EE1B31FA3BA7}.Release|x64.Build.0 = Release|Any CPU
		{9FA3462F-5602-4990-9F33-EE1B31FA3BA7}.Release|x86.ActiveCfg = Release|Any CPU
		{9FA3462F-5602-4990-9F33-EE1B31FA3BA7}.Release|x86.Build.0 = Release|Any CPU
		{6839C8DD-3520-44CE-A544-7F5C70500829}.Debug|Any CPU.ActiveCfg = Debug|Any CPU
		{6839C8DD-3520-44CE-A544-7F5C70500829}.Debug|Any CPU.Build.0 = Debug|Any CPU
		{6839C8DD-3520-44CE-A544-7F5C70500829}.Debug|x64.ActiveCfg = Debug|Any CPU
		{6839C8DD-3520-44CE-A544-7F5C70500829}.Debug|x64.Build.0 = Debug|Any CPU
		{6839C8DD-3520-44CE-A544-7F5C70500829}.Debug|x86.ActiveCfg = Debug|Any CPU
		{6839C8DD-3520-44CE-A544-7F5C70500829}.Debug|x86.Build.0 = Debug|Any CPU
		{6839C8DD-3520-44CE-A544-7F5C70500829}.Release|Any CPU.ActiveCfg = Release|Any CPU
		{6839C8DD-3520-44CE-A544-7F5C70500829}.Release|Any CPU.Build.0 = Release|Any CPU
		{6839C8DD-3520-44CE-A544-7F5C70500829}.Release|x64.ActiveCfg = Release|Any CPU
		{6839C8DD-3520-44CE-A544-7F5C70500829}.Release|x64.Build.0 = Release|Any CPU
		{6839C8DD-3520-44CE-A544-7F5C70500829}.Release|x86.ActiveCfg = Release|Any CPU
		{6839C8DD-3520-44CE-A544-7F5C70500829}.Release|x86.Build.0 = Release|Any CPU
		{047A5B83-554E-40E3-B27D-574265DF0F72}.Debug|Any CPU.ActiveCfg = Debug|Any CPU
		{047A5B83-554E-40E3-B27D-574265DF0F72}.Debug|Any CPU.Build.0 = Debug|Any CPU
		{047A5B83-554E-40E3-B27D-574265DF0F72}.Debug|x64.ActiveCfg = Debug|Any CPU
		{047A5B83-554E-40E3-B27D-574265DF0F72}.Debug|x64.Build.0 = Debug|Any CPU
		{047A5B83-554E-40E3-B27D-574265DF0F72}.Debug|x86.ActiveCfg = Debug|Any CPU
		{047A5B83-554E-40E3-B27D-574265DF0F72}.Debug|x86.Build.0 = Debug|Any CPU
		{047A5B83-554E-40E3-B27D-574265DF0F72}.Release|Any CPU.ActiveCfg = Release|Any CPU
		{047A5B83-554E-40E3-B27D-574265DF0F72}.Release|Any CPU.Build.0 = Release|Any CPU
		{047A5B83-554E-40E3-B27D-574265DF0F72}.Release|x64.ActiveCfg = Release|Any CPU
		{047A5B83-554E-40E3-B27D-574265DF0F72}.Release|x64.Build.0 = Release|Any CPU
		{047A5B83-554E-40E3-B27D-574265DF0F72}.Release|x86.ActiveCfg = Release|Any CPU
		{047A5B83-554E-40E3-B27D-574265DF0F72}.Release|x86.Build.0 = Release|Any CPU
		{CCA46A83-B02B-4F77-8200-07448C83DA51}.Debug|Any CPU.ActiveCfg = Debug|Any CPU
		{CCA46A83-B02B-4F77-8200-07448C83DA51}.Debug|Any CPU.Build.0 = Debug|Any CPU
		{CCA46A83-B02B-4F77-8200-07448C83DA51}.Debug|x64.ActiveCfg = Debug|Any CPU
		{CCA46A83-B02B-4F77-8200-07448C83DA51}.Debug|x64.Build.0 = Debug|Any CPU
		{CCA46A83-B02B-4F77-8200-07448C83DA51}.Debug|x86.ActiveCfg = Debug|Any CPU
		{CCA46A83-B02B-4F77-8200-07448C83DA51}.Debug|x86.Build.0 = Debug|Any CPU
		{CCA46A83-B02B-4F77-8200-07448C83DA51}.Release|Any CPU.ActiveCfg = Release|Any CPU
		{CCA46A83-B02B-4F77-8200-07448C83DA51}.Release|Any CPU.Build.0 = Release|Any CPU
		{CCA46A83-B02B-4F77-8200-07448C83DA51}.Release|x64.ActiveCfg = Release|Any CPU
		{CCA46A83-B02B-4F77-8200-07448C83DA51}.Release|x64.Build.0 = Release|Any CPU
		{CCA46A83-B02B-4F77-8200-07448C83DA51}.Release|x86.ActiveCfg = Release|Any CPU
		{CCA46A83-B02B-4F77-8200-07448C83DA51}.Release|x86.Build.0 = Release|Any CPU
		{51848A89-E119-4E4A-97FB-9447E8AE5F6D}.Debug|Any CPU.ActiveCfg = Debug|Any CPU
		{51848A89-E119-4E4A-97FB-9447E8AE5F6D}.Debug|Any CPU.Build.0 = Debug|Any CPU
		{51848A89-E119-4E4A-97FB-9447E8AE5F6D}.Debug|x64.ActiveCfg = Debug|Any CPU
		{51848A89-E119-4E4A-97FB-9447E8AE5F6D}.Debug|x64.Build.0 = Debug|Any CPU
		{51848A89-E119-4E4A-97FB-9447E8AE5F6D}.Debug|x86.ActiveCfg = Debug|Any CPU
		{51848A89-E119-4E4A-97FB-9447E8AE5F6D}.Debug|x86.Build.0 = Debug|Any CPU
		{51848A89-E119-4E4A-97FB-9447E8AE5F6D}.Release|Any CPU.ActiveCfg = Release|Any CPU
		{51848A89-E119-4E4A-97FB-9447E8AE5F6D}.Release|Any CPU.Build.0 = Release|Any CPU
		{51848A89-E119-4E4A-97FB-9447E8AE5F6D}.Release|x64.ActiveCfg = Release|Any CPU
		{51848A89-E119-4E4A-97FB-9447E8AE5F6D}.Release|x64.Build.0 = Release|Any CPU
		{51848A89-E119-4E4A-97FB-9447E8AE5F6D}.Release|x86.ActiveCfg = Release|Any CPU
		{51848A89-E119-4E4A-97FB-9447E8AE5F6D}.Release|x86.Build.0 = Release|Any CPU
		{A8A1E51F-D30D-49F6-B8F4-9F5228537045}.Debug|Any CPU.ActiveCfg = Debug|Any CPU
		{A8A1E51F-D30D-49F6-B8F4-9F5228537045}.Debug|Any CPU.Build.0 = Debug|Any CPU
		{A8A1E51F-D30D-49F6-B8F4-9F5228537045}.Debug|x64.ActiveCfg = Debug|Any CPU
		{A8A1E51F-D30D-49F6-B8F4-9F5228537045}.Debug|x64.Build.0 = Debug|Any CPU
		{A8A1E51F-D30D-49F6-B8F4-9F5228537045}.Debug|x86.ActiveCfg = Debug|Any CPU
		{A8A1E51F-D30D-49F6-B8F4-9F5228537045}.Debug|x86.Build.0 = Debug|Any CPU
		{A8A1E51F-D30D-49F6-B8F4-9F5228537045}.Release|Any CPU.ActiveCfg = Release|Any CPU
		{A8A1E51F-D30D-49F6-B8F4-9F5228537045}.Release|Any CPU.Build.0 = Release|Any CPU
		{A8A1E51F-D30D-49F6-B8F4-9F5228537045}.Release|x64.ActiveCfg = Release|Any CPU
		{A8A1E51F-D30D-49F6-B8F4-9F5228537045}.Release|x64.Build.0 = Release|Any CPU
		{A8A1E51F-D30D-49F6-B8F4-9F5228537045}.Release|x86.ActiveCfg = Release|Any CPU
		{A8A1E51F-D30D-49F6-B8F4-9F5228537045}.Release|x86.Build.0 = Release|Any CPU
		{5C2D9033-F11F-4DDE-BBCF-FB3F32D43323}.Debug|Any CPU.ActiveCfg = Debug|Any CPU
		{5C2D9033-F11F-4DDE-BBCF-FB3F32D43323}.Debug|Any CPU.Build.0 = Debug|Any CPU
		{5C2D9033-F11F-4DDE-BBCF-FB3F32D43323}.Debug|x64.ActiveCfg = Debug|Any CPU
		{5C2D9033-F11F-4DDE-BBCF-FB3F32D43323}.Debug|x64.Build.0 = Debug|Any CPU
		{5C2D9033-F11F-4DDE-BBCF-FB3F32D43323}.Debug|x86.ActiveCfg = Debug|Any CPU
		{5C2D9033-F11F-4DDE-BBCF-FB3F32D43323}.Debug|x86.Build.0 = Debug|Any CPU
		{5C2D9033-F11F-4DDE-BBCF-FB3F32D43323}.Release|Any CPU.ActiveCfg = Release|Any CPU
		{5C2D9033-F11F-4DDE-BBCF-FB3F32D43323}.Release|Any CPU.Build.0 = Release|Any CPU
		{5C2D9033-F11F-4DDE-BBCF-FB3F32D43323}.Release|x64.ActiveCfg = Release|Any CPU
		{5C2D9033-F11F-4DDE-BBCF-FB3F32D43323}.Release|x64.Build.0 = Release|Any CPU
		{5C2D9033-F11F-4DDE-BBCF-FB3F32D43323}.Release|x86.ActiveCfg = Release|Any CPU
		{5C2D9033-F11F-4DDE-BBCF-FB3F32D43323}.Release|x86.Build.0 = Release|Any CPU
		{B0D857A2-8EA7-4385-B355-A7E41D4DCE71}.Debug|Any CPU.ActiveCfg = Debug|Any CPU
		{B0D857A2-8EA7-4385-B355-A7E41D4DCE71}.Debug|Any CPU.Build.0 = Debug|Any CPU
		{B0D857A2-8EA7-4385-B355-A7E41D4DCE71}.Debug|x64.ActiveCfg = Debug|Any CPU
		{B0D857A2-8EA7-4385-B355-A7E41D4DCE71}.Debug|x64.Build.0 = Debug|Any CPU
		{B0D857A2-8EA7-4385-B355-A7E41D4DCE71}.Debug|x86.ActiveCfg = Debug|Any CPU
		{B0D857A2-8EA7-4385-B355-A7E41D4DCE71}.Debug|x86.Build.0 = Debug|Any CPU
		{B0D857A2-8EA7-4385-B355-A7E41D4DCE71}.Release|Any CPU.ActiveCfg = Release|Any CPU
		{B0D857A2-8EA7-4385-B355-A7E41D4DCE71}.Release|Any CPU.Build.0 = Release|Any CPU
		{B0D857A2-8EA7-4385-B355-A7E41D4DCE71}.Release|x64.ActiveCfg = Release|Any CPU
		{B0D857A2-8EA7-4385-B355-A7E41D4DCE71}.Release|x64.Build.0 = Release|Any CPU
		{B0D857A2-8EA7-4385-B355-A7E41D4DCE71}.Release|x86.ActiveCfg = Release|Any CPU
		{B0D857A2-8EA7-4385-B355-A7E41D4DCE71}.Release|x86.Build.0 = Release|Any CPU
		{44BF755D-A0B1-4E9A-9973-872EE672445B}.Debug|Any CPU.ActiveCfg = Debug|Any CPU
		{44BF755D-A0B1-4E9A-9973-872EE672445B}.Debug|Any CPU.Build.0 = Debug|Any CPU
		{44BF755D-A0B1-4E9A-9973-872EE672445B}.Debug|x64.ActiveCfg = Debug|Any CPU
		{44BF755D-A0B1-4E9A-9973-872EE672445B}.Debug|x64.Build.0 = Debug|Any CPU
		{44BF755D-A0B1-4E9A-9973-872EE672445B}.Debug|x86.ActiveCfg = Debug|Any CPU
		{44BF755D-A0B1-4E9A-9973-872EE672445B}.Debug|x86.Build.0 = Debug|Any CPU
		{44BF755D-A0B1-4E9A-9973-872EE672445B}.Release|Any CPU.ActiveCfg = Release|Any CPU
		{44BF755D-A0B1-4E9A-9973-872EE672445B}.Release|Any CPU.Build.0 = Release|Any CPU
		{44BF755D-A0B1-4E9A-9973-872EE672445B}.Release|x64.ActiveCfg = Release|Any CPU
		{44BF755D-A0B1-4E9A-9973-872EE672445B}.Release|x64.Build.0 = Release|Any CPU
		{44BF755D-A0B1-4E9A-9973-872EE672445B}.Release|x86.ActiveCfg = Release|Any CPU
		{44BF755D-A0B1-4E9A-9973-872EE672445B}.Release|x86.Build.0 = Release|Any CPU
		{DC294C8C-E842-4027-B8EE-E85735D86ECD}.Debug|Any CPU.ActiveCfg = Debug|Any CPU
		{DC294C8C-E842-4027-B8EE-E85735D86ECD}.Debug|Any CPU.Build.0 = Debug|Any CPU
		{DC294C8C-E842-4027-B8EE-E85735D86ECD}.Debug|x64.ActiveCfg = Debug|Any CPU
		{DC294C8C-E842-4027-B8EE-E85735D86ECD}.Debug|x64.Build.0 = Debug|Any CPU
		{DC294C8C-E842-4027-B8EE-E85735D86ECD}.Debug|x86.ActiveCfg = Debug|Any CPU
		{DC294C8C-E842-4027-B8EE-E85735D86ECD}.Debug|x86.Build.0 = Debug|Any CPU
		{DC294C8C-E842-4027-B8EE-E85735D86ECD}.Release|Any CPU.ActiveCfg = Release|Any CPU
		{DC294C8C-E842-4027-B8EE-E85735D86ECD}.Release|Any CPU.Build.0 = Release|Any CPU
		{DC294C8C-E842-4027-B8EE-E85735D86ECD}.Release|x64.ActiveCfg = Release|Any CPU
		{DC294C8C-E842-4027-B8EE-E85735D86ECD}.Release|x64.Build.0 = Release|Any CPU
		{DC294C8C-E842-4027-B8EE-E85735D86ECD}.Release|x86.ActiveCfg = Release|Any CPU
		{DC294C8C-E842-4027-B8EE-E85735D86ECD}.Release|x86.Build.0 = Release|Any CPU
	EndGlobalSection
	GlobalSection(SolutionProperties) = preSolution
		HideSolutionNode = FALSE
	EndGlobalSection
	GlobalSection(NestedProjects) = preSolution
		{55EFAE2F-A7CA-4917-A381-4A6EF5E79610} = {E3DCB78E-EE06-4EA3-88AC-762D8910387C}
		{66F293DB-9507-40E0-B1FA-5CDAA0088364} = {DF33E0FB-9790-4654-B60F-8AB22E0CC3D1}
		{6127F6B9-A914-45EA-A581-9723411DC4AB} = {8FFDF555-DB50-45F9-9A2D-6410F39151C3}
		{B7DDCCFC-C7AA-4B3D-A7DC-69114277659F} = {8FFDF555-DB50-45F9-9A2D-6410F39151C3}
		{BFE59DE0-EBCD-4E8C-86AE-4CA2A18E83A2} = {8FFDF555-DB50-45F9-9A2D-6410F39151C3}
		{EFC8BA86-374D-42CF-98D3-DF6ED3C37276} = {8FFDF555-DB50-45F9-9A2D-6410F39151C3}
		{240E31D3-89C7-46F0-A1E1-D8329FCBA536} = {8FFDF555-DB50-45F9-9A2D-6410F39151C3}
		{3A7DF2ED-90BA-4A2F-97EA-034FB04E934D} = {8FFDF555-DB50-45F9-9A2D-6410F39151C3}
		{F26910AD-8F98-40F3-8F81-5A71774A5564} = {8FFDF555-DB50-45F9-9A2D-6410F39151C3}
		{9FA3462F-5602-4990-9F33-EE1B31FA3BA7} = {8FFDF555-DB50-45F9-9A2D-6410F39151C3}
		{6839C8DD-3520-44CE-A544-7F5C70500829} = {8FFDF555-DB50-45F9-9A2D-6410F39151C3}
		{047A5B83-554E-40E3-B27D-574265DF0F72} = {8FFDF555-DB50-45F9-9A2D-6410F39151C3}
		{CCA46A83-B02B-4F77-8200-07448C83DA51} = {4DF435AF-6747-4F69-BD2F-C243AC395FE4}
		{51848A89-E119-4E4A-97FB-9447E8AE5F6D} = {4DF435AF-6747-4F69-BD2F-C243AC395FE4}
		{A8A1E51F-D30D-49F6-B8F4-9F5228537045} = {4DF435AF-6747-4F69-BD2F-C243AC395FE4}
		{5C2D9033-F11F-4DDE-BBCF-FB3F32D43323} = {4DF435AF-6747-4F69-BD2F-C243AC395FE4}
		{B0D857A2-8EA7-4385-B355-A7E41D4DCE71} = {4DF435AF-6747-4F69-BD2F-C243AC395FE4}
		{44BF755D-A0B1-4E9A-9973-872EE672445B} = {8FFDF555-DB50-45F9-9A2D-6410F39151C3}
		{DC294C8C-E842-4027-B8EE-E85735D86ECD} = {8FFDF555-DB50-45F9-9A2D-6410F39151C3}
	EndGlobalSection
	GlobalSection(ExtensibilityGlobals) = postSolution
		SolutionGuid = {439897C2-CCBD-44FE-B2DC-A3E4670ADA59}
	EndGlobalSection
EndGlobal
